{
  "name": "dorm-mate",
  "version": "0.2.0",
  "lockfileVersion": 3,
  "requires": true,
  "packages": {
    "": {
      "name": "dorm-mate",
      "version": "0.2.0",
      "devDependencies": {
        "@cloudbase/cli": "^3.8.1",
        "playwright-core": "^1.55.0"
      },
      "engines": {
        "node": ">=20"
      }
    },
    "node_modules/@cloudbase/cli": {
      "version": "3.8.1",
      "resolved": "https://registry.npmjs.org/@cloudbase/cli/-/cli-3.8.1.tgz",
      "integrity": "sha512-UTazVglGgMSqhsIk7MlbwRuSX/43vG83Ps598RIN5p/bF8I48pXlRlPQGj1m0PbE5VZFZS4I+tEudEr1MMt3Fw==",
      "dev": true,
      "license": "ISC",
      "bin": {
        "cloudbase": "bin/cloudbase",
        "cloudbase-mcp": "bin/cloudbase-mcp",
        "tcb": "bin/tcb"
      }
    },
    "node_modules/playwright-core": {
      "version": "1.55.0",
      "resolved": "https://registry.npmjs.org/playwright-core/-/playwright-core-1.55.0.tgz",
      "integrity": "sha512-GvZs4vU3U5ro2nZpeiwyb0zuFaqb9sUiAJuyrWpcGouD8y9/HLgGbNRjIph7zU9D3hnPaisMl9zG9CgFi/biIg==",
      "dev": true,
      "license": "Apache-2.0",
      "bin": {
        "playwright-core": "cli.js"
      },
      "engines": {
        "node": ">=18"
      }
    }
  }
}
